DEPENDENCIES
  collectd
    git: git://github.com/rightscale-cookbooks-contrib/chef-collectd.git
    revision: ec50609ed6eb193e0411f30aced91befa571940f
    branch: generalize_install_for_both_centos_and_ubuntu
  memcached (~> 3.0.0)
  rsc_memcached
    path: .
    metadata: true

GRAPH
  apt (3.0.0)
  collectd (1.1.0)
  compat_resource (12.10.4)
  marker (1.0.1)
  memcached (3.0.0)
    compat_resource (>= 12.9.0)
    runit (>= 1.2.0)
    yum-epel (>= 0.0.0)
  packagecloud (0.2.0)
  rsc_memcached (2.0.0)
    apt (>= 0.0.0)
    marker (~> 1.0.1)
    yum (>= 0.0.0)
  runit (1.7.8)
    packagecloud (>= 0.0.0)
  yum (3.10.0)
  yum-epel (0.7.0)
    yum (>= 3.6.3)
